
Microsoft Visual Studio Solution File, Format Version 12.00
# Visual Studio Version 17
VisualStudioVersion = 17.4.33027.239
MinimumVisualStudioVersion = 10.0.40219.1
Project("{9A19103F-16F7-4668-BE54-9A1E7A4F7556}") = "oop 4 last", "oop 4 last\oop 4 last.csproj", "{02035EE9-81EB-418D-9D58-633C55A6EC8B}"
EndProject
Project("{9A19103F-16F7-4668-BE54-9A1E7A4F7556}") = "storage", "storage\storage.csproj", "{27079AC3-AC0D-42FB-B145-56DDFEBEB854}"
EndProject
Project("{FAE04EC0-301F-11D3-BF4B-00C04F79EFBC}") = "ccircle", "ccircle\ccircle.csproj", "{85104358-0683-413C-A1C7-46BE3326C8A3}"
EndProject
Global
	GlobalSection(SolutionConfigurationPlatforms) = preSolution
		Debug|Any CPU = Debug|Any CPU
		Release|Any CPU = Release|Any CPU
	EndGlobalSection
	GlobalSection(ProjectConfigurationPlatforms) = postSolution
		{02035EE9-81EB-418D-9D58-633C55A6EC8B}.Debug|Any CPU.ActiveCfg = Debug|Any CPU
		{02035EE9-81EB-418D-9D58-633C55A6EC8B}.Debug|Any CPU.Build.0 = Debug|Any CPU
		{02035EE9-81EB-418D-9D58-633C55A6EC8B}.Release|Any CPU.ActiveCfg = Release|Any CPU
		{02035EE9-81EB-418D-9D58-633C55A6EC8B}.Release|Any CPU.Build.0 = Release|Any CPU
		{27079AC3-AC0D-42FB-B145-56DDFEBEB854}.Debug|Any CPU.ActiveCfg = Debug|Any CPU
		{27079AC3-AC0D-42FB-B145-56DDFEBEB854}.Debug|Any CPU.Build.0 = Debug|Any CPU
		{27079AC3-AC0D-42FB-B145-56DDFEBEB854}.Release|Any CPU.ActiveCfg = Release|Any CPU
		{27079AC3-AC0D-42FB-B145-56DDFEBEB854}.Release|Any CPU.Build.0 = Release|Any CPU
		{85104358-0683-413C-A1C7-46BE3326C8A3}.Debug|Any CPU.ActiveCfg = Debug|Any CPU
		{85104358-0683-413C-A1C7-46BE3326C8A3}.Debug|Any CPU.Build.0 = Debug|Any CPU
		{85104358-0683-413C-A1C7-46BE3326C8A3}.Release|Any CPU.ActiveCfg = Release|Any CPU
		{85104358-0683-413C-A1C7-46BE3326C8A3}.Release|Any CPU.Build.0 = Release|Any CPU
	EndGlobalSection
	GlobalSection(SolutionProperties) = preSolution
		HideSolutionNode = FALSE
	EndGlobalSection
	GlobalSection(ExtensibilityGlobals) = postSolution
		SolutionGuid = {25FDB037-EC68-4F9C-A4C5-A0DFABE4FC3A}
	EndGlobalSection
EndGlobal
